
Microsoft Visual Studio Solution File, Format Version 12.00
# Visual Studio Version 16
VisualStudioVersion = 16.0.31624.102
MinimumVisualStudioVersion = 10.0.40219.1
Project("{FAE04EC0-301F-11D3-BF4B-00C04F79EFBC}") = "EntityFrameworkProject", "EntityFrameworkProject\EntityFrameworkProject.csproj", "{1EAADD11-0D40-4056-B13B-9E8C328F6D0A}"
EndProject
Global
	GlobalSection(SolutionConfigurationPlatforms) = preSolution
		Debug|Any CPU = Debug|Any CPU
		Release|Any CPU = Release|Any CPU
	EndGlobalSection
	GlobalSection(ProjectConfigurationPlatforms) = postSolution
		{1EAADD11-0D40-4056-B13B-9E8C328F6D0A}.Debug|Any CPU.ActiveCfg = Debug|Any CPU
		{1EAADD11-0D40-4056-B13B-9E8C328F6D0A}.Debug|Any CPU.Build.0 = Debug|Any CPU
		{1EAADD11-0D40-4056-B13B-9E8C328F6D0A}.Release|Any CPU.ActiveCfg = Release|Any CPU
		{1EAADD11-0D40-4056-B13B-9E8C328F6D0A}.Release|Any CPU.Build.0 = Release|Any CPU
	EndGlobalSection
	GlobalSection(SolutionProperties) = preSolution
		HideSolutionNode = FALSE
	EndGlobalSection
	GlobalSection(ExtensibilityGlobals) = postSolution
		SolutionGuid = {E87E7D6A-1D07-42E1-9B31-BDB139C538B0}
	EndGlobalSection
EndGlobal
